
Microsoft Visual Studio Solution File, Format Version 12.00
Project("{FAE04EC0-301F-11D3-BF4B-00C04F79EFBC}") = "GitLabWebhook", "GitLabWebhook\GitLabWebhook.csproj", "{259A7A44-94F8-4A00-A87F-390933951E47}"
EndProject
Project("{FAE04EC0-301F-11D3-BF4B-00C04F79EFBC}") = "GitLabWebhook.Requests", "GitLabWebhook.Requests\GitLabWebhook.Requests.csproj", "{5C4418E9-0269-466D-B6A9-B705B5609692}"
EndProject
Project("{FAE04EC0-301F-11D3-BF4B-00C04F79EFBC}") = "GitLabWebhook.Test", "GitLabWebhook.Test\GitLabWebhook.Test.csproj", "{16EA5390-3B61-4A88-924A-00E2CD2813C7}"
EndProject
Global
	GlobalSection(SolutionConfigurationPlatforms) = preSolution
		Debug|Any CPU = Debug|Any CPU
		Release|Any CPU = Release|Any CPU
	EndGlobalSection
	GlobalSection(ProjectConfigurationPlatforms) = postSolution
		{259A7A44-94F8-4A00-A87F-390933951E47}.Debug|Any CPU.ActiveCfg = Debug|Any CPU
		{259A7A44-94F8-4A00-A87F-390933951E47}.Debug|Any CPU.Build.0 = Debug|Any CPU
		{259A7A44-94F8-4A00-A87F-390933951E47}.Release|Any CPU.ActiveCfg = Release|Any CPU
		{259A7A44-94F8-4A00-A87F-390933951E47}.Release|Any CPU.Build.0 = Release|Any CPU
		{5C4418E9-0269-466D-B6A9-B705B5609692}.Debug|Any CPU.ActiveCfg = Debug|Any CPU
		{5C4418E9-0269-466D-B6A9-B705B5609692}.Debug|Any CPU.Build.0 = Debug|Any CPU
		{5C4418E9-0269-466D-B6A9-B705B5609692}.Release|Any CPU.ActiveCfg = Release|Any CPU
		{5C4418E9-0269-466D-B6A9-B705B5609692}.Release|Any CPU.Build.0 = Release|Any CPU
		{16EA5390-3B61-4A88-924A-00E2CD2813C7}.Debug|Any CPU.ActiveCfg = Debug|Any CPU
		{16EA5390-3B61-4A88-924A-00E2CD2813C7}.Debug|Any CPU.Build.0 = Debug|Any CPU
		{16EA5390-3B61-4A88-924A-00E2CD2813C7}.Release|Any CPU.ActiveCfg = Release|Any CPU
		{16EA5390-3B61-4A88-924A-00E2CD2813C7}.Release|Any CPU.Build.0 = Release|Any CPU
	EndGlobalSection
EndGlobal
